# This file is autogenerated, do not edit; changes may be undone by the next 'dep ensure'.


[[projects]]
  digest = "1:7b94d37d65c0445053c6f3e73090e3966c1c29127035492c349e14f25c440359"
  name = "github.com/boombuler/barcode"
  packages = [
    ".",
    "qr",
    "utils",
  ]
  pruneopts = "UT"
  revision = "3cfea5ab600ae37946be2b763b8ec2c1cf2d272d"
  version = "v1.0.0"

[[projects]]
  digest = "1:76dc72490af7174349349838f2fe118996381b31ea83243812a97e5a0fd5ed55"
  name = "github.com/dgrijalva/jwt-go"
  packages = ["."]
  pruneopts = "UT"
  revision = "06ea1031745cb8b3dab3f6a236daf2b0aa468b7e"
  version = "v3.2.0"

[[projects]]
  branch = "master"
  digest = "1:d8f5453f55bfb46740ea729278a7ebe45719a736d6e7a97a0157d0b1870f347a"
  name = "github.com/dgryski/dgoogauth"
  packages = ["."]
  pruneopts = "UT"
  revision = "fd153d5969d30bd701e10f3530228f001213047c"

[[projects]]
  digest = "1:c79fb010be38a59d657c48c6ba1d003a8aa651fa56b579d959d74573b7dff8e1"
  name = "github.com/gorilla/context"
  packages = ["."]
  pruneopts = "UT"
  revision = "08b5f424b9271eedf6f9f0ce86cb9396ed337a42"
  version = "v1.1.1"

[[projects]]
  digest = "1:e73f5b0152105f18bc131fba127d9949305c8693f8a762588a82a48f61756f5f"
  name = "github.com/gorilla/mux"
  packages = ["."]
  pruneopts = "UT"
  revision = "e3702bed27f0d39777b0b37b664b6280e8ef8fbf"
  version = "v1.6.2"

[[projects]]
  branch = "master"
  digest = "1:020d71586d1f492f88b0f1c1bf8397df63f9be2af281d85725ff6a1123691ef6"
  name = "github.com/sec51/convert"
  packages = [
    ".",
    "bigendian",
    "smallendian",
  ]
  pruneopts = "UT"
  revision = "8ed1f399b5e0a9a9620c74cfd5aec3682d8328ab"

[[projects]]
  branch = "master"
  digest = "1:ea69a3ab7e95ee78ca54dd77e6513f73a8e1daa2904e380db6a8efd555dd3682"
  name = "github.com/sec51/cryptoengine"
  packages = ["."]
  pruneopts = "UT"
  revision = "11617a465c082a1e82359b3c059f018f8dcbfc93"

[[projects]]
  branch = "master"
  digest = "1:5c3b302962554bf42fdffc09c51f19bcf0849cf64e3c267d71c70e9d34d3b49f"
  name = "github.com/sec51/gf256"
  packages = ["."]
  pruneopts = "UT"
  revision = "2454accbeb9e6b0e2e53b01e1d641c7157251ed4"

[[projects]]
  branch = "master"
  digest = "1:df31af42171359c1cf0d4907fac8f8e924db3fbb0cc779e69a0ee28d3cfb7241"
  name = "github.com/sec51/qrcode"
  packages = [
    ".",
    "coding",
  ]
  pruneopts = "UT"
  revision = "b7779abbcaf1ec4de65f586a85fe24db31d45e7c"

[[projects]]
  digest = "1:afce3ab084dcf9b3c2ff27bef6f80118af131aef95498d7298f549331bfc7c3d"
  name = "github.com/sec51/twofactor"
  packages = ["."]
  pruneopts = "UT"
  revision = "72a472700bffe1d41817093052ebf4b100e436fa"
  version = "v1.0.0"

[[projects]]
  branch = "master"
  digest = "1:4a86aaa1b911661ad764f8d3f4c2124d7998e026f2207428b85ff2197d3af03b"
  name = "golang.org/x/crypto"
  packages = [
    "curve25519",
    "hkdf",
    "internal/subtle",
    "nacl/box",
    "nacl/secretbox",
    "poly1305",
    "salsa20/salsa",
  ]
  pruneopts = "UT"
  revision = "56440b844dfe139a8ac053f4ecac0b20b79058f4"

[solve-meta]
  analyzer-name = "dep"
  analyzer-version = 1
  input-imports = [
    "github.com/boombuler/barcode",
    "github.com/boombuler/barcode/qr",
    "github.com/dgrijalva/jwt-go",
    "github.com/dgryski/dgoogauth",
    "github.com/gorilla/context",
    "github.com/gorilla/mux",
    "github.com/sec51/twofactor",
  ]
  solver-name = "gps-cdcl"
  solver-version = 1
